
Microsoft Visual Studio Solution File, Format Version 12.00
# Visual Studio Version 17
VisualStudioVersion = 17.6.33723.286
MinimumVisualStudioVersion = 10.0.40219.1
Project("{FAE04EC0-301F-11D3-BF4B-00C04F79EFBC}") = "LibraryManagement", "LibraryManagement.csproj", "{4531CD4D-C741-4A71-971D-B11911B9CE05}"
EndProject
Global
	GlobalSection(SolutionConfigurationPlatforms) = preSolution
		Debug|Any CPU = Debug|Any CPU
		Release|Any CPU = Release|Any CPU
	EndGlobalSection
	GlobalSection(ProjectConfigurationPlatforms) = postSolution
		{4531CD4D-C741-4A71-971D-B11911B9CE05}.Debug|Any CPU.ActiveCfg = Debug|Any CPU
		{4531CD4D-C741-4A71-971D-B11911B9CE05}.Debug|Any CPU.Build.0 = Debug|Any CPU
		{4531CD4D-C741-4A71-971D-B11911B9CE05}.Release|Any CPU.ActiveCfg = Release|Any CPU
		{4531CD4D-C741-4A71-971D-B11911B9CE05}.Release|Any CPU.Build.0 = Release|Any CPU
	EndGlobalSection
	GlobalSection(SolutionProperties) = preSolution
		HideSolutionNode = FALSE
	EndGlobalSection
	GlobalSection(ExtensibilityGlobals) = postSolution
		SolutionGuid = {21E72E88-1125-49A6-96E5-6B45FE591A59}
	EndGlobalSection
EndGlobal
